#MicroXplorer Configuration settings - do not modify
Mcu.Family=STM32F0
NVIC.SysTick_IRQn=true\:0\:0\:false\:false\:true\:false\:true
ProjectManager.LastFirmware=true
ProjectManager.MainLocation=Core/Src
RCC.VCOOutput2Freq_Value=8000000
ProjectManager.FirmwarePackage=STM32Cube FW_F0 V1.11.2
MxDb.Version=DB.6.0.21
ProjectManager.ProjectFileName=TestDott3.ioc
ProjectManager.BackupPrevious=false
MxCube.Version=6.2.1
ProjectManager.KeepUserCode=true
Mcu.UserName=STM32F042K6Tx
Mcu.PinsNb=7
ProjectManager.NoMain=false
File.Version=6
VP_SYS_VS_Systick.Mode=SysTick
CAN.CalculateBaudRate=166666
RCC.PLLCLKFreq_Value=16000000
PB7.Signal=GPIO_Output
NVIC.NonMaskableInt_IRQn=true\:0\:0\:false\:false\:true\:false\:false
CAN.IPParameters=CalculateTimeQuantum,CalculateTimeBit,CalculateBaudRate
PB6.Locked=true
NVIC.PendSV_IRQn=true\:0\:0\:false\:false\:true\:false\:false
ProjectManager.functionlistsort=1-MX_GPIO_Init-GPIO-false-HAL-true,2-SystemClock_Config-RCC-false-HAL-false,3-MX_CAN_Init-CAN-false-HAL-true
PA11.Mode=CAN_Activate
ProjectManager.FreePins=false
RCC.IPParameters=CECFreq_Value,FamilyName,HSICECFreq_Value,PLLCLKFreq_Value,PLLMCOFreq_Value,TimSysFreq_Value,VCOOutput2Freq_Value
ProjectManager.DefaultFWLocation=true
ProjectManager.AskForMigrate=true
Mcu.Name=STM32F042K(4-6)Tx
CAN.CalculateTimeQuantum=2000.0
ProjectManager.HalAssertFull=false
PB0.Locked=true
NVIC.SVC_IRQn=true\:0\:0\:false\:false\:true\:false\:false
ProjectManager.DeletePrevious=true
ProjectManager.ProjectName=TestDott3
ProjectManager.UnderRoot=true
RCC.HSICECFreq_Value=32786.88524590164
RCC.PLLMCOFreq_Value=16000000
ProjectManager.CoupleFile=false
CAN.CalculateTimeBit=6000.00
PinOutPanel.RotationAngle=0
Mcu.Package=LQFP32
PB5.Signal=GPIO_Output
RCC.FamilyName=M
RCC.TimSysFreq_Value=8000000
ProjectManager.StackSize=0x400
PA12.Mode=CAN_Activate
NVIC.ForceEnableDMAVector=true
KeepUserPlacement=false
ProjectManager.CompilerOptimize=6
Mcu.IP2=RCC
ProjectManager.ToolChainLocation=
Mcu.IP3=SYS
PA11.Signal=CAN_RX
VP_SYS_VS_Systick.Signal=SYS_VS_Systick
Mcu.IP0=CAN
PA11.Locked=true
PA12.Locked=true
Mcu.IP1=NVIC
PA12.Signal=CAN_TX
ProjectManager.HeapSize=0x200
NVIC.HardFault_IRQn=true\:0\:0\:false\:false\:true\:false\:false
Mcu.UserConstants=
ProjectManager.TargetToolchain=STM32CubeIDE
ProjectManager.ComputerToolchain=false
Mcu.ThirdPartyNb=0
Mcu.IPNb=4
ProjectManager.PreviousToolchain=STM32CubeIDE
RCC.CECFreq_Value=32786.88524590164
PB7.Locked=true
PB6.Signal=GPIO_Output
PB5.Locked=true
Mcu.Pin6=VP_SYS_VS_Systick
ProjectManager.RegisterCallBack=
PB0.Signal=GPIO_Output
Mcu.Pin0=PB0
Mcu.Pin1=PA11
GPIO.groupedBy=
Mcu.Pin2=PA12
ProjectManager.CustomerFirmwarePackage=
Mcu.Pin3=PB5
ProjectManager.DeviceId=STM32F042K6Tx
Mcu.Pin4=PB6
Mcu.Pin5=PB7
ProjectManager.LibraryCopy=1
ProjectManager.ProjectBuild=false
board=custom
isbadioc=false
